
Microsoft Visual Studio Solution File, Format Version 12.00
# Visual Studio 15
VisualStudioVersion = 15.0.27703.2042
MinimumVisualStudioVersion = 10.0.40219.1
Project("{FAE04EC0-301F-11D3-BF4B-00C04F79EFBC}") = "location", "location\location.csproj", "{131D60AB-5BEB-45A4-BE48-3F193F479275}"
EndProject
Global
	GlobalSection(SolutionConfigurationPlatforms) = preSolution
		Debug|Any CPU = Debug|Any CPU
		Release|Any CPU = Release|Any CPU
	EndGlobalSection
	GlobalSection(ProjectConfigurationPlatforms) = postSolution
		{131D60AB-5BEB-45A4-BE48-3F193F479275}.Debug|Any CPU.ActiveCfg = Debug|Any CPU
		{131D60AB-5BEB-45A4-BE48-3F193F479275}.Debug|Any CPU.Build.0 = Debug|Any CPU
		{131D60AB-5BEB-45A4-BE48-3F193F479275}.Release|Any CPU.ActiveCfg = Release|Any CPU
		{131D60AB-5BEB-45A4-BE48-3F193F479275}.Release|Any CPU.Build.0 = Release|Any CPU
	EndGlobalSection
	GlobalSection(SolutionProperties) = preSolution
		HideSolutionNode = FALSE
	EndGlobalSection
	GlobalSection(ExtensibilityGlobals) = postSolution
		SolutionGuid = {EB8F438E-4161-4D51-B2ED-1E4E16539BCD}
	EndGlobalSection
EndGlobal
